
Microsoft Visual Studio Solution File, Format Version 12.00
# Visual Studio Version 17
VisualStudioVersion = 17.13.35818.85
MinimumVisualStudioVersion = 10.0.40219.1
Project("{FAE04EC0-301F-11D3-BF4B-00C04F79EFBC}") = "Projeto_integrador", "Projeto_integrador.csproj", "{632C79F5-5CB7-4D0C-9CE2-1AA4EDE6AB59}"
EndProject
Project("{FAE04EC0-301F-11D3-BF4B-00C04F79EFBC}") = "ManagedDoom", "managed-doom-master\managed-doom-master\ManagedDoom\ManagedDoom.csproj", "{3D22F1E9-5D5A-3256-7F73-5EC3B8B3C15D}"
EndProject
Global
	GlobalSection(SolutionConfigurationPlatforms) = preSolution
		Debug|Any CPU = Debug|Any CPU
		Release|Any CPU = Release|Any CPU
	EndGlobalSection
	GlobalSection(ProjectConfigurationPlatforms) = postSolution
		{632C79F5-5CB7-4D0C-9CE2-1AA4EDE6AB59}.Debug|Any CPU.ActiveCfg = Debug|Any CPU
		{632C79F5-5CB7-4D0C-9CE2-1AA4EDE6AB59}.Debug|Any CPU.Build.0 = Debug|Any CPU
		{632C79F5-5CB7-4D0C-9CE2-1AA4EDE6AB59}.Release|Any CPU.ActiveCfg = Release|Any CPU
		{632C79F5-5CB7-4D0C-9CE2-1AA4EDE6AB59}.Release|Any CPU.Build.0 = Release|Any CPU
		{3D22F1E9-5D5A-3256-7F73-5EC3B8B3C15D}.Debug|Any CPU.ActiveCfg = Debug|Any CPU
		{3D22F1E9-5D5A-3256-7F73-5EC3B8B3C15D}.Debug|Any CPU.Build.0 = Debug|Any CPU
		{3D22F1E9-5D5A-3256-7F73-5EC3B8B3C15D}.Release|Any CPU.ActiveCfg = Release|Any CPU
		{3D22F1E9-5D5A-3256-7F73-5EC3B8B3C15D}.Release|Any CPU.Build.0 = Release|Any CPU
	EndGlobalSection
	GlobalSection(SolutionProperties) = preSolution
		HideSolutionNode = FALSE
	EndGlobalSection
	GlobalSection(ExtensibilityGlobals) = postSolution
		SolutionGuid = {251B8FC5-6A9C-4FC4-9D6A-5E0ABD97E69B}
	EndGlobalSection
EndGlobal
